{
  "name": "@quick-qui/model-defines",
  "version": "1.1.0",
  "lockfileVersion": 1,
  "requires": true,
  "dependencies": {
    "@quick-qui/model-core": {
      "version": "1.1.0",
      "resolved": "https://registry.npmjs.org/@quick-qui/model-core/-/model-core-1.1.0.tgz",
      "integrity": "sha512-Q8dBQQz350SJD7zaAlKfUq74c56JSKmdchhk8w9lPfe5k99WYjduOptC2QPVdORBBm5GrxSvA/YLmDKQV+SPCQ==",
      "requires": {
        "fp-ts": "^2.1.1",
        "io-ts": "^2.0.1",
        "typescript": "^3.6.4",
        "ulog": "^1.1.0"
      }
    },
    "fp-ts": {
      "version": "2.1.1",
      "resolved": "https://registry.npmjs.org/fp-ts/-/fp-ts-2.1.1.tgz",
      "integrity": "sha512-YcWhMdDCFCja0MmaDroTgNu+NWWrrnUEn92nvDgrtVy9Z71YFnhNVIghoHPt8gs82ijoMzFGeWKvArbyICiJgw=="
    },
    "io-ts": {
      "version": "2.0.1",
      "resolved": "https://registry.npmjs.org/io-ts/-/io-ts-2.0.1.tgz",
      "integrity": "sha512-RezD+WcCfW4VkMkEcQWL/Nmy/nqsWTvTYg7oUmTGzglvSSV2P9h2z1PVeREPFf0GWNzruYleAt1XCMQZSg1xxQ=="
    },
    "typescript": {
      "version": "3.7.2",
      "resolved": "https://registry.npmjs.org/typescript/-/typescript-3.7.2.tgz",
      "integrity": "sha512-ml7V7JfiN2Xwvcer+XAf2csGO1bPBdRbFCkYBczNZggrBZ9c7G3riSUeJmqEU5uOtXNPMhE3n+R4FA/3YOAWOQ=="
    },
    "ulog": {
      "version": "1.1.0",
      "resolved": "https://registry.npmjs.org/ulog/-/ulog-1.1.0.tgz",
      "integrity": "sha512-oQDYGh4w/ykGSpffEuwkqFnL5BYJa5HeV5PhpkjuAFwJCyjp2KjT2YDcFa8y4ie8kejdXMwpFCSF6HNM5Kia4g=="
    }
  }
}
