{
  "name": "@quick-qui/model-defines",
  "version": "2.0.0",
  "lockfileVersion": 1,
  "requires": true,
  "dependencies": {
    "@quick-qui/model-core": {
      "version": "1.2.1",
      "resolved": "https://registry.npmjs.org/@quick-qui/model-core/-/model-core-1.2.1.tgz",
      "integrity": "sha512-PhWcm5/E/I259m6u5T6xc67aHA12Q+ttvbBn/sluLMBeHcxqiMIshMCsJTGzo7bsyAI+Xfj0aC3FoKCB5cv2nA==",
      "requires": {
        "fp-ts": "^2.1.1",
        "io-ts": "^2.0.1",
        "typescript": "^3.6.4",
        "ulog": "^1.1.0"
      }
    },
    "@types/lodash": {
      "version": "4.14.148",
      "resolved": "https://registry.npmjs.org/@types/lodash/-/lodash-4.14.148.tgz",
      "integrity": "sha512-05+sIGPev6pwpHF7NZKfP3jcXhXsIVFnYyVRT4WOB0me62E8OlWfTN+sKyt2/rqN+ETxuHAtgTSK1v71F0yncg=="
    },
    "@types/ramda": {
      "version": "0.26.34",
      "resolved": "https://registry.npmjs.org/@types/ramda/-/ramda-0.26.34.tgz",
      "integrity": "sha512-5x+oE6PzERYl4IPqjj8DwvlLAz2DiQGv0KMuWM3a1byqQ8k8ebmGWw5TAtpVtDwdQEhs1KVdCtOaLy0iwuqwdQ==",
      "requires": {
        "ts-toolbelt": "^4.10.7"
      }
    },
    "fp-ts": {
      "version": "2.1.1",
      "resolved": "https://registry.npmjs.org/fp-ts/-/fp-ts-2.1.1.tgz",
      "integrity": "sha512-YcWhMdDCFCja0MmaDroTgNu+NWWrrnUEn92nvDgrtVy9Z71YFnhNVIghoHPt8gs82ijoMzFGeWKvArbyICiJgw=="
    },
    "io-ts": {
      "version": "2.0.1",
      "resolved": "https://registry.npmjs.org/io-ts/-/io-ts-2.0.1.tgz",
      "integrity": "sha512-RezD+WcCfW4VkMkEcQWL/Nmy/nqsWTvTYg7oUmTGzglvSSV2P9h2z1PVeREPFf0GWNzruYleAt1XCMQZSg1xxQ=="
    },
    "lodash": {
      "version": "4.17.15",
      "resolved": "https://registry.npmjs.org/lodash/-/lodash-4.17.15.tgz",
      "integrity": "sha512-8xOcRHvCjnocdS5cpwXQXVzmmh5e5+saE2QGoeQmbKmRS6J3VQppPOIt0MnmE+4xlZoumy0GPG0D0MVIQbNA1A=="
    },
    "ramda": {
      "version": "0.26.1",
      "resolved": "https://registry.npmjs.org/ramda/-/ramda-0.26.1.tgz",
      "integrity": "sha512-hLWjpy7EnsDBb0p+Z3B7rPi3GDeRG5ZtiI33kJhTt+ORCd38AbAIjB/9zRIUoeTbE/AVX5ZkU7m6bznsvrf8eQ=="
    },
    "ts-toolbelt": {
      "version": "4.10.7",
      "resolved": "https://registry.npmjs.org/ts-toolbelt/-/ts-toolbelt-4.10.7.tgz",
      "integrity": "sha512-4YDe0TWABZ4i8am1Bup0dwGii7c1rffZ7MXE7q4kmG+ixeiKUAnaaO75iBrw04v6vJg/VookQ0yOdDD0DEQhHA=="
    },
    "typescript": {
      "version": "3.7.2",
      "resolved": "https://registry.npmjs.org/typescript/-/typescript-3.7.2.tgz",
      "integrity": "sha512-ml7V7JfiN2Xwvcer+XAf2csGO1bPBdRbFCkYBczNZggrBZ9c7G3riSUeJmqEU5uOtXNPMhE3n+R4FA/3YOAWOQ=="
    },
    "ulog": {
      "version": "1.1.0",
      "resolved": "https://registry.npmjs.org/ulog/-/ulog-1.1.0.tgz",
      "integrity": "sha512-oQDYGh4w/ykGSpffEuwkqFnL5BYJa5HeV5PhpkjuAFwJCyjp2KjT2YDcFa8y4ie8kejdXMwpFCSF6HNM5Kia4g=="
    }
  }
}
